version = 1
revision = 3
requires-python = "==3.12.*"

[[package]]
name = "cli-anything-shotcut"
version = "1.0.0"
source = { registry = "https://pypi.org/simple" }
dependencies = [
    { name = "click" },
    { name = "lxml" },
    { name = "prompt-toolkit" },
]
sdist = { url = "https://files.pythonhosted.org/packages/f2/3e/0171d0a1db705e6c22be0dd1ba395b9b0a3b9465f1c87cbd7b5493869367/cli_anything_shotcut-1.0.0.tar.gz", hash = "sha256:ddcbe6f01d57b6462cfb67714bb1f940b4d20996f0165a8b8112f54762345872", size = 68166, upload-time = "2026-03-13T02:50:15.292Z" }
wheels = [
    { url = "https://files.pythonhosted.org/packages/79/51/3056af7f461f68217da6cb1e77484f11cc0249ee3e66749b17e24ea55db5/cli_anything_shotcut-1.0.0-py3-none-any.whl", hash = "sha256:5be4c32167f08ad14c9cc022fbf1289bd6ce78fff13957979df402eae44d0793", size = 75830, upload-time = "2026-03-13T02:50:13.881Z" },
]

[[package]]
name = "click"
version = "8.5.0"
source = { registry = "https://pypi.org/simple" }
sdist = { url = "https://files.pythonhosted.org/packages/c7/0e/7fa0ef50764b67090eca4114772a2abf8b6148198475e54c660b97caeee6/click-8.5.0.tar.gz", hash = "sha256:ba0d2089de75ea0310e2dde03160e6ca10009947fb95a182f9b54021bb272e34", size = 382235, upload-time = "2026-08-26T13:33:14.56Z" }
wheels = [
    { url = "https://files.pythonhosted.org/packages/58/50/6c0d534c5f134586a8e1ba4e330569e32f057e33372ae556463212fb4cd3/click-8.5.0-py3-none-any.whl", hash = "sha256:255bc9599cf7748b4b1a446ccc735421bd08a2ae529a8b88597d3de5664ee360", size = 125251, upload-time = "2026-08-26T13:33:12.928Z" },
]

[[package]]
name = "lxml"
version = "6.1.3"
source = { registry = "https://pypi.org/simple" }
sdist = { url = "https://files.pythonhosted.org/packages/23/ad/28ecd7cb894d172f3c9c80a075eeeb2017ac62e3632cee05a5f9493547eb/lxml-6.1.3.tar.gz", hash = "sha256:45222d94ddd511536f3b2f7d9deae3b2339b4ce0f075f1ca25703b07cad9dd21", size = 4211198, upload-time = "2026-09-02T14:48:02.287Z" }
wheels = [
    { url = "https://files.pythonhosted.org/packages/dd/1f/a180b57d9eeabaab77f9d5aa30356898ea749c4795596a8f66d1eb6bef2e/lxml-6.1.3-cp312-cp312-macosx_10_13_universal2.whl", hash = "sha256:0c0710ac085a157b593c38fbcacd950f15c4afa8e2057527185875ab302752bc", size = 8602094, upload-time = "2026-09-02T14:47:26.054Z" },
    { url = "https://files.pythonhosted.org/packages/a8/25/070c92013a1c029a602b03560d68772313d918268667fa993da7961759c9/lxml-6.1.3-cp312-cp312-macosx_10_13_x86_64.whl", hash = "sha256:623c8799c17128753c65699f1c3aa32402657393a9ad6db09ed8b98ddf76611d", size = 4638308, upload-time = "2026-09-02T14:47:29.587Z" },
    { url = "https://files.pythonhosted.org/packages/1e/1c/722e88883173097a1a375153e3c2447eba3060d0231522cf6596e99f4195/lxml-6.1.3-cp312-cp312-manylinux2014_aarch64.manylinux_2_17_aarch64.whl", hash = "sha256:f683dc6300317700025e41d89a43e0276692ded16113a3c43eab704d605c58e5", size = 4939696, upload-time = "2026-09-02T14:47:32.997Z" },
    { url = "https://files.pythonhosted.org/packages/db/36/aa413bc214dc4f785ad2b2ddd8cc99aae7062d49ab155e91e6011af00daf/lxml-6.1.3-cp312-cp312-manylinux2014_x86_64.manylinux_2_17_x86_64.whl", hash = "sha256:379f8a75cf6eb7eef0af074b55f49ab73b868388a98de14646abcdfa4564bb11", size = 5105247, upload-time = "2026-09-02T14:47:36.734Z" },
    { url = "https://files.pythonhosted.org/packages/a3/a0/a1f7f1313795bfec67b77f01ef3b1128d49f2d7f66a8413fa55d47f4e25f/lxml-6.1.3-cp312-cp312-manylinux_2_26_aarch64.manylinux_2_28_aarch64.whl", hash = "sha256:b37772102d44bb6628186accca3a121b1fa3a6b3d97518a8c29a5229ca4c0d0a", size = 5011915, upload-time = "2026-09-02T14:47:39.846Z" },
    { url = "https://files.pythonhosted.org/packages/b9/78/840e7e3f1d0cc7a5cfac5d8505b97e25b6427fd774ac4bae672aaebfb4b5/lxml-6.1.3-cp312-cp312-manylinux_2_26_ppc64le.manylinux_2_28_ppc64le.whl", hash = "sha256:ddcf547bea2aee967d6a77779376a45e77e610e8465147a1f3d7e20d539d6e32", size = 5638175, upload-time = "2026-09-02T14:47:43.644Z" },
    { url = "https://files.pythonhosted.org/packages/0a/20/e022dbc6b4753a9bc9fc5fb28a27163430c1731b9913997f6544c1b2518c/lxml-6.1.3-cp312-cp312-manylinux_2_26_x86_64.manylinux_2_28_x86_64.whl", hash = "sha256:909f4e927bb051f7740d6367285fc60cdcfdaf0258c2dba4ff5ba7eadadc250c", size = 5244675, upload-time = "2026-09-02T14:47:47.635Z" },
    { url = "https://files.pythonhosted.org/packages/99/83/82cde81d2b5eb38d1539fdfdf318abdd014a7e604f4df01c9cd3deb18f2a/lxml-6.1.3-cp312-cp312-manylinux_2_28_i686.whl", hash = "sha256:a5c18810318303ce9afb3f95e2ddb54834f96fa699a8600433fd5a93dcf44c56", size = 5358205, upload-time = "2026-09-02T14:47:50.306Z" },
    { url = "https://files.pythonhosted.org/packages/d2/a1/f3b057371c8cb29f2a9c9c44ea320592446e40b74a4b0af68c3d8e65bc73/lxml-6.1.3-cp312-cp312-manylinux_2_31_armv7l.whl", hash = "sha256:3e42265103fb385d8642a78672edf376c6f7e1d3598a7a4f9cb1278f2f6b5f6f", size = 4704495, upload-time = "2026-09-02T14:47:53.251Z" },
    { url = "https://files.pythonhosted.org/packages/1a/a4/230eb28be5d412152ffc3c679b51fe1aeede5a53f3a8eb6e9748f2f4754f/lxml-6.1.3-cp312-cp312-manylinux_2_38_riscv64.manylinux_2_39_riscv64.whl", hash = "sha256:21402998e4b78e7cce237d2788841aaa21ac9a4d1574d04dc2d12ee41ae807b5", size = 5255117, upload-time = "2026-09-02T14:47:55.963Z" },
    { url = "https://files.pythonhosted.org/packages/a3/18/1969f56763af24ce42ea156007b0b2d73fddea552e283b2010416394f0f4/lxml-6.1.3-cp312-cp312-musllinux_1_2_aarch64.whl", hash = "sha256:38fc4e4e4e084e0bd491949482527d406788045c546d4f8789e93fc527b91385", size = 5054424, upload-time = "2026-09-02T14:47:58.131Z" },
    { url = "https://files.pythonhosted.org/packages/f4/d4/2a90acc1f6fabaa3a8db9340437822bd8d041b205d626a4b3e8621aaa390/lxml-6.1.3-cp312-cp312-musllinux_1_2_armv7l.whl", hash = "sha256:5609efdb0d3c95499c00046bc53648b3482ec2175b5503d6e611b3f0555dc71d", size = 4785572, upload-time = "2026-09-02T14:48:01.029Z" },
    { url = "https://files.pythonhosted.org/packages/a5/1e/b90e845b1dcd0f2f3f26b98283d857f25909223aacd265eee032c34ab8b1/lxml-6.1.3-cp312-cp312-musllinux_1_2_ppc64le.whl", hash = "sha256:97ce49699d87ebf8aad631b55d65b33219a4f1bfefbbf5bff19dc9af160aeaf9", size = 5656516, upload-time = "2026-09-02T14:48:03.419Z" },
    { url = "https://files.pythonhosted.org/packages/eb/ab/0a1b802c57f3fba5c4efd77d5c6b78adaa8f7b681f0c90456b140fe8bf6c/lxml-6.1.3-cp312-cp312-musllinux_1_2_riscv64.whl", hash = "sha256:48542c9acba9ff9450bd18d871d2c2c8787fdb283572b623d206f1b927cd7d9e", size = 5245982, upload-time = "2026-09-02T14:48:06.109Z" },
    { url = "https://files.pythonhosted.org/packages/da/ee/2c016fbceb3778137459292538d9dfa7e3ad9070fe409c15254ddd90d2cc/lxml-6.1.3-cp312-cp312-musllinux_1_2_x86_64.whl", hash = "sha256:c55e71a9b1db1f107efb60da49c093689b74c5c31a708e5379e2fd9439d4fbb5", size = 5267340, upload-time = "2026-09-02T14:48:08.374Z" },
    { url = "https://files.pythonhosted.org/packages/9c/b1/736d18fd6f0835761923b7bac1f0c27d60c1200384e9093f05d8c5100525/lxml-6.1.3-cp312-cp312-win32.whl", hash = "sha256:b3ff39654f0ce6ebd4db154211136dbe7e8157bcc3bed2344c87f32c7c6ecb6c", size = 3602606, upload-time = "2026-09-02T14:48:10.384Z" },
    { url = "https://files.pythonhosted.org/packages/3a/5b/6ed903e4e6278a020c8a6f0dbbe78030d041840a6b4a64ea441a1e414077/lxml-6.1.3-cp312-cp312-win_amd64.whl", hash = "sha256:3e9a00d1c2c30936f7add097c41afc5da6556c580909104aafd382cac92a855c", size = 4005999, upload-time = "2026-09-02T14:48:12.51Z" },
    { url = "https://files.pythonhosted.org/packages/e4/1b/7bcebb7b6332cb3ae85e9c13b139adb6f23f75c71d84041c56a5005d9a29/lxml-6.1.3-cp312-cp312-win_arm64.whl", hash = "sha256:1aeca87830c4fe649dcf93fe2b059525b71c72587f21be4ae4af7103082a79fa", size = 3666631, upload-time = "2026-09-02T14:48:14.567Z" },
]

[[package]]
name = "prompt-toolkit"
version = "3.0.53"
source = { registry = "https://pypi.org/simple" }
dependencies = [
    { name = "wcwidth" },
]
sdist = { url = "https://files.pythonhosted.org/packages/7d/ea/39b988c938f75cb75d7045b5c69f8bfed47ee2152c8837fb403de29d6fb8/prompt_toolkit-3.0.53.tar.gz", hash = "sha256:9ec8a0ad96d5c56148b3f914aa79c1564c3fde5d2e6b876e7bc327e353cf8fa6", size = 435492, upload-time = "2026-07-26T20:56:14.758Z" }
wheels = [
    { url = "https://files.pythonhosted.org/packages/54/6f/84908cad2d6aa5144abcf7b42709fe4fdb459bc640ec7ac5786e7693dabc/prompt_toolkit-3.0.53-py3-none-any.whl", hash = "sha256:01c0891d7f9237d5e339f7d3e42cdae80b7534abb1c7c0e3352efba6231492f2", size = 392288, upload-time = "2026-07-26T20:56:12.512Z" },
]

[[package]]
name = "shotcut-mlt-tools"
version = "0.1.0"
source = { virtual = "." }
dependencies = [
    { name = "cli-anything-shotcut" },
]

[package.metadata]
requires-dist = [{ name = "cli-anything-shotcut", specifier = "==1.0.0" }]

[[package]]
name = "wcwidth"
version = "0.9.1"
source = { registry = "https://pypi.org/simple" }
sdist = { url = "https://files.pythonhosted.org/packages/dc/ac/3a943d2792c9bb368aaa8b50121c0f778460ba2d7fbdc0a0366201d9e761/wcwidth-0.9.1.tar.gz", hash = "sha256:5823209b0d43af322ce698c689380d7c15ca31fa8e6e3be8459f27031bef0af5", size = 952410, upload-time = "2026-09-23T20:23:49.127Z" }
wheels = [
    { url = "https://files.pythonhosted.org/packages/48/7c/130de33c0a7f6efecee28fef5711fc1f8d55ac33885a6b85f4f6689004ba/wcwidth-0.9.1-cp310-abi3-macosx_10_9_x86_64.whl", hash = "sha256:10b00ba23482e352f874d2e8135e7ace9da838646c7dd800566246bbd46125ff", size = 604219, upload-time = "2026-09-23T20:23:22.071Z" },
    { url = "https://files.pythonhosted.org/packages/33/7c/c7bb03da54de7ac5a08753e186b963f91847b04ed8ae5be136a4d5f52b75/wcwidth-0.9.1-cp310-abi3-macosx_11_0_arm64.whl", hash = "sha256:40d936d72c9bdc10df43f93a8be502bc5024b487259139f66a328722c07f34a9", size = 609038, upload-time = "2026-09-23T20:23:24.941Z" },
    { url = "https://files.pythonhosted.org/packages/0b/71/f57effdf895c2d6d49333f1d6833a9f5438725c55a04ed3124a1c95bb3aa/wcwidth-0.9.1-cp310-abi3-manylinux1_i686.manylinux2014_i686.manylinux_2_17_i686.manylinux_2_5_i686.whl", hash = "sha256:69bb970cf5652b88cfdb9d3fdd1764fc15e5f8ad531643e7bb3e894cd969740e", size = 761464, upload-time = "2026-09-23T20:23:32.425Z" },
    { url = "https://files.pythonhosted.org/packages/4f/16/15b03d8fb7a747d0d2cf4a33da7b1b3e092493c58780f6589d5b1e9e3b49/wcwidth-0.9.1-cp310-abi3-manylinux2014_aarch64.manylinux_2_17_aarch64.whl", hash = "sha256:b5da43d6967668982e44a52fb551967d293f86d26cd86036ac95bbdd34394ed9", size = 770483, upload-time = "2026-09-23T20:23:28.128Z" },
    { url = "https://files.pythonhosted.org/packages/e2/a0/834886b30e3b885a5a96e8358f1b3917bc0bac43ae4178d77f0c210d079b/wcwidth-0.9.1-cp310-abi3-manylinux2014_x86_64.manylinux_2_17_x86_64.whl", hash = "sha256:747fb724223f417a17541a95a17c1dac3a8ef9a0cf41684950f0eab191a35f65", size = 768443, upload-time = "2026-09-23T20:23:33.875Z" },
    { url = "https://files.pythonhosted.org/packages/a2/ae/1b7597e0132ebc2c920632f39d8c1c61881345c9b480c0a95eb91e7460fa/wcwidth-0.9.1-cp310-abi3-musllinux_1_2_aarch64.whl", hash = "sha256:6e1272b7986cefe79783737e38bdb9eaae0682b333c7bd132024441193dd5ce7", size = 781171, upload-time = "2026-09-23T20:23:29.46Z" },
    { url = "https://files.pythonhosted.org/packages/fb/bb/32149e3b481953f4ef35f38f166e2532886d33ae54ccdd71393f821dfad9/wcwidth-0.9.1-cp310-abi3-musllinux_1_2_i686.whl", hash = "sha256:fe021c4d8de9d36c31a0cb41d0d2546dadd3b0708a301f1a0c66ce200851831f", size = 781576, upload-time = "2026-09-23T20:23:35.504Z" },
    { url = "https://files.pythonhosted.org/packages/d6/72/1ee3dff67697bda93bc56ec9f7b3b89609cd64b9abb328512a2f22eb9e47/wcwidth-0.9.1-cp310-abi3-musllinux_1_2_x86_64.whl", hash = "sha256:708158c082364af442f9983de7b6ec9ac0d2e1b825ada25f0911b1f138d55405", size = 783526, upload-time = "2026-09-23T20:23:36.937Z" },
    { url = "https://files.pythonhosted.org/packages/ce/0a/e94f19a60f6127bcf3dfcf223ca05a37650d57b37b5ed623597c842ce7ca/wcwidth-0.9.1-cp310-abi3-win32.whl", hash = "sha256:356376852357b8fca71fe5415808ec421679e04b4a98eb7c9cb6a7984b911a05", size = 592136, upload-time = "2026-09-23T20:23:43.774Z" },
    { url = "https://files.pythonhosted.org/packages/3c/ff/d884d2ec7dcdc86cda742a86c7160bc726dbccae76d7ae1f9ac833c26680/wcwidth-0.9.1-cp310-abi3-win_amd64.whl", hash = "sha256:991d1c8834f548e9c1f16432075ee84638e122312556bbf1ed595ea8fffc4673", size = 596738, upload-time = "2026-09-23T20:23:44.989Z" },
    { url = "https://files.pythonhosted.org/packages/fa/93/16e30d617b937272a2310a6e3c1f9d8f94984e19ad4a96eb935628e3e6b6/wcwidth-0.9.1-cp310-abi3-win_arm64.whl", hash = "sha256:61bd7aef9cafb6cb77a37a169998d7928ce82a51522146d11f60db9e7d1cb43a", size = 594700, upload-time = "2026-09-23T20:23:41.013Z" },
    { url = "https://files.pythonhosted.org/packages/96/a2/f06f2e0be4895e5943d358755b51968ace85774cf0a4cc42b4dafb793832/wcwidth-0.9.1-py3-none-any.whl", hash = "sha256:e0c3a1c45c5b9550c6919a4449e95f5b177f6e165786376981db8f1addae9b21", size = 300656, upload-time = "2026-09-23T20:23:20.674Z" },
]
